
Microsoft Visual Studio Solution File, Format Version 12.00
# Visual Studio 2012
Project("{FAE04EC0-301F-11D3-BF4B-00C04F79EFBC}") = "FarePredictor", "FarePredictor\FarePredictor.csproj", "{562F865C-D27D-4EAD-BC3E-F36D69414C33}"
EndProject
Global
	GlobalSection(SolutionConfigurationPlatforms) = preSolution
		Debug|Any CPU = Debug|Any CPU
		Release|Any CPU = Release|Any CPU
	EndGlobalSection
	GlobalSection(ProjectConfigurationPlatforms) = postSolution
		{562F865C-D27D-4EAD-BC3E-F36D69414C33}.Debug|Any CPU.ActiveCfg = Debug|Any CPU
		{562F865C-D27D-4EAD-BC3E-F36D69414C33}.Debug|Any CPU.Build.0 = Debug|Any CPU
		{562F865C-D27D-4EAD-BC3E-F36D69414C33}.Release|Any CPU.ActiveCfg = Release|Any CPU
		{562F865C-D27D-4EAD-BC3E-F36D69414C33}.Release|Any CPU.Build.0 = Release|Any CPU
	EndGlobalSection
EndGlobal
