
Microsoft Visual Studio Solution File, Format Version 12.00
# Visual Studio 2012
Project("{FAE04EC0-301F-11D3-BF4B-00C04F79EFBC}") = "TitanicSurvivalClassifier", "TitanicSurvivalClassifier\TitanicSurvivalClassifier.csproj", "{9CDF859D-B6E3-4982-9EE8-E1FA518EF087}"
EndProject
Global
	GlobalSection(SolutionConfigurationPlatforms) = preSolution
		Debug|Any CPU = Debug|Any CPU
		Release|Any CPU = Release|Any CPU
	EndGlobalSection
	GlobalSection(ProjectConfigurationPlatforms) = postSolution
		{9CDF859D-B6E3-4982-9EE8-E1FA518EF087}.Debug|Any CPU.ActiveCfg = Debug|Any CPU
		{9CDF859D-B6E3-4982-9EE8-E1FA518EF087}.Debug|Any CPU.Build.0 = Debug|Any CPU
		{9CDF859D-B6E3-4982-9EE8-E1FA518EF087}.Release|Any CPU.ActiveCfg = Release|Any CPU
		{9CDF859D-B6E3-4982-9EE8-E1FA518EF087}.Release|Any CPU.Build.0 = Release|Any CPU
	EndGlobalSection
EndGlobal
