
Microsoft Visual Studio Solution File, Format Version 12.00
# Visual Studio 2012
Project("{FAE04EC0-301F-11D3-BF4B-00C04F79EFBC}") = "FlowerPredictor", "FlowerPredictor\FlowerPredictor.csproj", "{AF5AC906-C696-44F6-9E05-BD527ABE83AB}"
EndProject
Global
	GlobalSection(SolutionConfigurationPlatforms) = preSolution
		Debug|Any CPU = Debug|Any CPU
		Release|Any CPU = Release|Any CPU
	EndGlobalSection
	GlobalSection(ProjectConfigurationPlatforms) = postSolution
		{AF5AC906-C696-44F6-9E05-BD527ABE83AB}.Debug|Any CPU.ActiveCfg = Debug|Any CPU
		{AF5AC906-C696-44F6-9E05-BD527ABE83AB}.Debug|Any CPU.Build.0 = Debug|Any CPU
		{AF5AC906-C696-44F6-9E05-BD527ABE83AB}.Release|Any CPU.ActiveCfg = Release|Any CPU
		{AF5AC906-C696-44F6-9E05-BD527ABE83AB}.Release|Any CPU.Build.0 = Release|Any CPU
	EndGlobalSection
EndGlobal
